{
  "originHash" : "92046cd5b2f2281033576764770b7a11ca088b9ebaf1f5b30fe730e9dc26f50e",
  "pins" : [
    {
      "identity" : "purchases-ios",
      "kind" : "remoteSourceControl",
      "location" : "https://github.com/RevenueCat/purchases-ios.git",
      "state" : {
        "revision" : "c87b95ff0c64024cdb894764c3a7f14d0a5eb559",
        "version" : "4.43.5"
      }
    }
  ],
  "version" : 3
}
