// !$*UTF8*$!
{
	archiveVersion = 1;
	classes = {
	};
	objectVersion = 56;
	objects = {

/* Begin PBXBuildFile section */
		F2005F092A24962200093F6C /* DDHDayPlannerViewControllerProtocolMock.m in Sources */ = {isa = PBXBuildFile; fileRef = F2005F082A24962200093F6C /* DDHDayPlannerViewControllerProtocolMock.m */; };
		F2005F0D2A24B33A00093F6C /* DDHDataStoreProtocolMock.m in Sources */ = {isa = PBXBuildFile; fileRef = F2005F0C2A24B33A00093F6C /* DDHDataStoreProtocolMock.m */; };
		F2005F0F2A27B55D00093F6C /* DDHActionStoreViewTests.m in Sources */ = {isa = PBXBuildFile; fileRef = F2005F0E2A27B55D00093F6C /* DDHActionStoreViewTests.m */; };
		F2005F122A27B76F00093F6C /* DDHActionInputViewTests.m in Sources */ = {isa = PBXBuildFile; fileRef = F2005F112A27B76F00093F6C /* DDHActionInputViewTests.m */; };
		F2005F152A292F7600093F6C /* DDHActionInputViewControllerTests.m in Sources */ = {isa = PBXBuildFile; fileRef = F2005F142A292F7600093F6C /* DDHActionInputViewControllerTests.m */; };
		F2005F182A2930E400093F6C /* DDHActionInputViewControllerProtocolMock.m in Sources */ = {isa = PBXBuildFile; fileRef = F2005F172A2930E400093F6C /* DDHActionInputViewControllerProtocolMock.m */; };
		F2005F1B2A29D1AD00093F6C /* DDHActionStoreViewControllerProtocolMock.m in Sources */ = {isa = PBXBuildFile; fileRef = F2005F1A2A29D1AD00093F6C /* DDHActionStoreViewControllerProtocolMock.m */; };
		F2005F1D2A29D21D00093F6C /* DDHActionStoreViewControllerTests.m in Sources */ = {isa = PBXBuildFile; fileRef = F2005F1C2A29D21D00093F6C /* DDHActionStoreViewControllerTests.m */; };
		F22737F52A2A4229001B15B6 /* DDHSettingsViewController.m in Sources */ = {isa = PBXBuildFile; fileRef = F22737F42A2A4229001B15B6 /* DDHSettingsViewController.m */; };
		F22737F92A2A4372001B15B6 /* DDHSettingsView.m in Sources */ = {isa = PBXBuildFile; fileRef = F22737F82A2A4372001B15B6 /* DDHSettingsView.m */; };
		F2469C4F29F716150023DAD9 /* DDHAction.m in Sources */ = {isa = PBXBuildFile; fileRef = F2469C4E29F716150023DAD9 /* DDHAction.m */; };
		F2469C5229F717730023DAD9 /* DDHDay.m in Sources */ = {isa = PBXBuildFile; fileRef = F2469C5129F717730023DAD9 /* DDHDay.m */; };
		F2469C5629F71B470023DAD9 /* NSUserDefaults+Helper.m in Sources */ = {isa = PBXBuildFile; fileRef = F2469C5529F71B470023DAD9 /* NSUserDefaults+Helper.m */; };
		F2469C5929F9855C0023DAD9 /* DDHSpoonCell.m in Sources */ = {isa = PBXBuildFile; fileRef = F2469C5829F9855C0023DAD9 /* DDHSpoonCell.m */; };
		F2469C5D29F988D30023DAD9 /* DDHActionCell.m in Sources */ = {isa = PBXBuildFile; fileRef = F2469C5C29F988D30023DAD9 /* DDHActionCell.m */; };
		F2469C6429FBB7150023DAD9 /* DDHDataStore.m in Sources */ = {isa = PBXBuildFile; fileRef = F2469C6329FBB7150023DAD9 /* DDHDataStore.m */; };
		F2469C6729FBCE0E0023DAD9 /* DDHActionsHeaderView.m in Sources */ = {isa = PBXBuildFile; fileRef = F2469C6629FBCE0E0023DAD9 /* DDHActionsHeaderView.m */; };
		F2469C6A29FC27620023DAD9 /* DDHActionInputViewController.m in Sources */ = {isa = PBXBuildFile; fileRef = F2469C6929FC27620023DAD9 /* DDHActionInputViewController.m */; };
		F2469C6E29FC3A9D0023DAD9 /* DDHActionInputView.m in Sources */ = {isa = PBXBuildFile; fileRef = F2469C6D29FC3A9D0023DAD9 /* DDHActionInputView.m */; };
		F2469C7429FC3F270023DAD9 /* DDHAppCoordinator.m in Sources */ = {isa = PBXBuildFile; fileRef = F2469C7329FC3F270023DAD9 /* DDHAppCoordinator.m */; };
		F2469C7A29FC5CCB0023DAD9 /* DDHActionStoreViewController.m in Sources */ = {isa = PBXBuildFile; fileRef = F2469C7929FC5CCB0023DAD9 /* DDHActionStoreViewController.m */; };
		F2469C7E29FC5D830023DAD9 /* DDHActionStoreView.m in Sources */ = {isa = PBXBuildFile; fileRef = F2469C7D29FC5D830023DAD9 /* DDHActionStoreView.m */; };
		F2469C8129FCE01D0023DAD9 /* DDHCellRegistrationProvider.m in Sources */ = {isa = PBXBuildFile; fileRef = F2469C8029FCE01D0023DAD9 /* DDHCellRegistrationProvider.m */; };
		F2469C8529FE76AB0023DAD9 /* DDHSpoonsHeaderView.m in Sources */ = {isa = PBXBuildFile; fileRef = F2469C8429FE76AB0023DAD9 /* DDHSpoonsHeaderView.m */; };
		F2469C8B29FE7E9A0023DAD9 /* DDHSpoonsFooterView.m in Sources */ = {isa = PBXBuildFile; fileRef = F2469C8A29FE7E9A0023DAD9 /* DDHSpoonsFooterView.m */; };
		F2469C8E29FE84710023DAD9 /* DDHSpoonsBackgroundView.m in Sources */ = {isa = PBXBuildFile; fileRef = F2469C8D29FE84710023DAD9 /* DDHSpoonsBackgroundView.m */; };
		F25F7D1729F596EA00EF395F /* AppDelegate.m in Sources */ = {isa = PBXBuildFile; fileRef = F25F7D1629F596EA00EF395F /* AppDelegate.m */; };
		F25F7D1A29F596EA00EF395F /* SceneDelegate.m in Sources */ = {isa = PBXBuildFile; fileRef = F25F7D1929F596EA00EF395F /* SceneDelegate.m */; };
		F25F7D2229F596EB00EF395F /* Assets.xcassets in Resources */ = {isa = PBXBuildFile; fileRef = F25F7D2129F596EB00EF395F /* Assets.xcassets */; };
		F25F7D2529F596EB00EF395F /* LaunchScreen.storyboard in Resources */ = {isa = PBXBuildFile; fileRef = F25F7D2329F596EB00EF395F /* LaunchScreen.storyboard */; };
		F25F7D2829F596EB00EF395F /* main.m in Sources */ = {isa = PBXBuildFile; fileRef = F25F7D2729F596EB00EF395F /* main.m */; };
		F25F7D3029F5992B00EF395F /* DDHDayPlannerViewController.m in Sources */ = {isa = PBXBuildFile; fileRef = F25F7D2F29F5992B00EF395F /* DDHDayPlannerViewController.m */; };
		F25F7D3329F5997800EF395F /* DDHDayPlannerView.m in Sources */ = {isa = PBXBuildFile; fileRef = F25F7D3229F5997800EF395F /* DDHDayPlannerView.m */; };
		F25F7D3C29F599DA00EF395F /* DailySpoonsTests.m in Sources */ = {isa = PBXBuildFile; fileRef = F25F7D3B29F599DA00EF395F /* DailySpoonsTests.m */; };
		F25F7D4329F59A1700EF395F /* DDHDayPlannerViewControllerTests.m in Sources */ = {isa = PBXBuildFile; fileRef = F25F7D4229F59A1700EF395F /* DDHDayPlannerViewControllerTests.m */; };
		F25F7D4729F5ABEF00EF395F /* DDHDayPlannerViewTests.m in Sources */ = {isa = PBXBuildFile; fileRef = F25F7D4629F5ABEF00EF395F /* DDHDayPlannerViewTests.m */; };
		F2F49A182A2A25AE00874BA9 /* DDHViewControllerMock.m in Sources */ = {isa = PBXBuildFile; fileRef = F2F49A172A2A25AE00874BA9 /* DDHViewControllerMock.m */; };
		F2F49A1A2A2A262F00874BA9 /* DDHAppCoordinatorTests.m in Sources */ = {isa = PBXBuildFile; fileRef = F2F49A192A2A262F00874BA9 /* DDHAppCoordinatorTests.m */; };
/* End PBXBuildFile section */

/* Begin PBXContainerItemProxy section */
		F25F7D3D29F599DA00EF395F /* PBXContainerItemProxy */ = {
			isa = PBXContainerItemProxy;
			containerPortal = F25F7D0A29F596EA00EF395F /* Project object */;
			proxyType = 1;
			remoteGlobalIDString = F25F7D1129F596EA00EF395F;
			remoteInfo = DailySpoons;
		};
/* End PBXContainerItemProxy section */

/* Begin PBXFileReference section */
		F2005F072A24962200093F6C /* DDHDayPlannerViewControllerProtocolMock.h */ = {isa = PBXFileReference; lastKnownFileType = sourcecode.c.h; path = DDHDayPlannerViewControllerProtocolMock.h; sourceTree = "<group>"; };
		F2005F082A24962200093F6C /* DDHDayPlannerViewControllerProtocolMock.m */ = {isa = PBXFileReference; lastKnownFileType = sourcecode.c.objc; path = DDHDayPlannerViewControllerProtocolMock.m; sourceTree = "<group>"; };
		F2005F0B2A24B33A00093F6C /* DDHDataStoreProtocolMock.h */ = {isa = PBXFileReference; lastKnownFileType = sourcecode.c.h; path = DDHDataStoreProtocolMock.h; sourceTree = "<group>"; };
		F2005F0C2A24B33A00093F6C /* DDHDataStoreProtocolMock.m */ = {isa = PBXFileReference; lastKnownFileType = sourcecode.c.objc; path = DDHDataStoreProtocolMock.m; sourceTree = "<group>"; };
		F2005F0E2A27B55D00093F6C /* DDHActionStoreViewTests.m */ = {isa = PBXFileReference; lastKnownFileType = sourcecode.c.objc; path = DDHActionStoreViewTests.m; sourceTree = "<group>"; };
		F2005F112A27B76F00093F6C /* DDHActionInputViewTests.m */ = {isa = PBXFileReference; lastKnownFileType = sourcecode.c.objc; path = DDHActionInputViewTests.m; sourceTree = "<group>"; };
		F2005F142A292F7600093F6C /* DDHActionInputViewControllerTests.m */ = {isa = PBXFileReference; lastKnownFileType = sourcecode.c.objc; path = DDHActionInputViewControllerTests.m; sourceTree = "<group>"; };
		F2005F162A2930E400093F6C /* DDHActionInputViewControllerProtocolMock.h */ = {isa = PBXFileReference; lastKnownFileType = sourcecode.c.h; path = DDHActionInputViewControllerProtocolMock.h; sourceTree = "<group>"; };
		F2005F172A2930E400093F6C /* DDHActionInputViewControllerProtocolMock.m */ = {isa = PBXFileReference; lastKnownFileType = sourcecode.c.objc; path = DDHActionInputViewControllerProtocolMock.m; sourceTree = "<group>"; };
		F2005F192A29D1AD00093F6C /* DDHActionStoreViewControllerProtocolMock.h */ = {isa = PBXFileReference; lastKnownFileType = sourcecode.c.h; path = DDHActionStoreViewControllerProtocolMock.h; sourceTree = "<group>"; };
		F2005F1A2A29D1AD00093F6C /* DDHActionStoreViewControllerProtocolMock.m */ = {isa = PBXFileReference; lastKnownFileType = sourcecode.c.objc; path = DDHActionStoreViewControllerProtocolMock.m; sourceTree = "<group>"; };
		F2005F1C2A29D21D00093F6C /* DDHActionStoreViewControllerTests.m */ = {isa = PBXFileReference; lastKnownFileType = sourcecode.c.objc; path = DDHActionStoreViewControllerTests.m; sourceTree = "<group>"; };
		F21B217E2A0550F100518B8E /* DDHActionStoreSection.h */ = {isa = PBXFileReference; lastKnownFileType = sourcecode.c.h; path = DDHActionStoreSection.h; sourceTree = "<group>"; };
		F22737F32A2A4229001B15B6 /* DDHSettingsViewController.h */ = {isa = PBXFileReference; lastKnownFileType = sourcecode.c.h; path = DDHSettingsViewController.h; sourceTree = "<group>"; };
		F22737F42A2A4229001B15B6 /* DDHSettingsViewController.m */ = {isa = PBXFileReference; lastKnownFileType = sourcecode.c.objc; path = DDHSettingsViewController.m; sourceTree = "<group>"; };
		F22737F72A2A4372001B15B6 /* DDHSettingsView.h */ = {isa = PBXFileReference; lastKnownFileType = sourcecode.c.h; path = DDHSettingsView.h; sourceTree = "<group>"; };
		F22737F82A2A4372001B15B6 /* DDHSettingsView.m */ = {isa = PBXFileReference; lastKnownFileType = sourcecode.c.objc; path = DDHSettingsView.m; sourceTree = "<group>"; };
		F2469C4D29F716150023DAD9 /* DDHAction.h */ = {isa = PBXFileReference; lastKnownFileType = sourcecode.c.h; path = DDHAction.h; sourceTree = "<group>"; };
		F2469C4E29F716150023DAD9 /* DDHAction.m */ = {isa = PBXFileReference; lastKnownFileType = sourcecode.c.objc; path = DDHAction.m; sourceTree = "<group>"; };
		F2469C5029F717730023DAD9 /* DDHDay.h */ = {isa = PBXFileReference; lastKnownFileType = sourcecode.c.h; path = DDHDay.h; sourceTree = "<group>"; };
		F2469C5129F717730023DAD9 /* DDHDay.m */ = {isa = PBXFileReference; lastKnownFileType = sourcecode.c.objc; path = DDHDay.m; sourceTree = "<group>"; };
		F2469C5429F71B470023DAD9 /* NSUserDefaults+Helper.h */ = {isa = PBXFileReference; lastKnownFileType = sourcecode.c.h; path = "NSUserDefaults+Helper.h"; sourceTree = "<group>"; };
		F2469C5529F71B470023DAD9 /* NSUserDefaults+Helper.m */ = {isa = PBXFileReference; lastKnownFileType = sourcecode.c.objc; path = "NSUserDefaults+Helper.m"; sourceTree = "<group>"; };
		F2469C5729F9855C0023DAD9 /* DDHSpoonCell.h */ = {isa = PBXFileReference; lastKnownFileType = sourcecode.c.h; path = DDHSpoonCell.h; sourceTree = "<group>"; };
		F2469C5829F9855C0023DAD9 /* DDHSpoonCell.m */ = {isa = PBXFileReference; lastKnownFileType = sourcecode.c.objc; path = DDHSpoonCell.m; sourceTree = "<group>"; };
		F2469C5A29F987390023DAD9 /* DDHActionState.h */ = {isa = PBXFileReference; lastKnownFileType = sourcecode.c.h; path = DDHActionState.h; sourceTree = "<group>"; };
		F2469C5B29F988D30023DAD9 /* DDHActionCell.h */ = {isa = PBXFileReference; lastKnownFileType = sourcecode.c.h; path = DDHActionCell.h; sourceTree = "<group>"; };
		F2469C5C29F988D30023DAD9 /* DDHActionCell.m */ = {isa = PBXFileReference; lastKnownFileType = sourcecode.c.objc; path = DDHActionCell.m; sourceTree = "<group>"; };
		F2469C5F29FBA4F40023DAD9 /* DDHDayPlannerSection.h */ = {isa = PBXFileReference; lastKnownFileType = sourcecode.c.h; path = DDHDayPlannerSection.h; sourceTree = "<group>"; };
		F2469C6229FBB7140023DAD9 /* DDHDataStore.h */ = {isa = PBXFileReference; lastKnownFileType = sourcecode.c.h; path = DDHDataStore.h; sourceTree = "<group>"; };
		F2469C6329FBB7150023DAD9 /* DDHDataStore.m */ = {isa = PBXFileReference; lastKnownFileType = sourcecode.c.objc; path = DDHDataStore.m; sourceTree = "<group>"; };
		F2469C6529FBCE0E0023DAD9 /* DDHActionsHeaderView.h */ = {isa = PBXFileReference; lastKnownFileType = sourcecode.c.h; path = DDHActionsHeaderView.h; sourceTree = "<group>"; };
		F2469C6629FBCE0E0023DAD9 /* DDHActionsHeaderView.m */ = {isa = PBXFileReference; lastKnownFileType = sourcecode.c.objc; path = DDHActionsHeaderView.m; sourceTree = "<group>"; };
		F2469C6829FC27620023DAD9 /* DDHActionInputViewController.h */ = {isa = PBXFileReference; lastKnownFileType = sourcecode.c.h; path = DDHActionInputViewController.h; sourceTree = "<group>"; };
		F2469C6929FC27620023DAD9 /* DDHActionInputViewController.m */ = {isa = PBXFileReference; lastKnownFileType = sourcecode.c.objc; path = DDHActionInputViewController.m; sourceTree = "<group>"; };
		F2469C6C29FC3A9D0023DAD9 /* DDHActionInputView.h */ = {isa = PBXFileReference; lastKnownFileType = sourcecode.c.h; path = DDHActionInputView.h; sourceTree = "<group>"; };
		F2469C6D29FC3A9D0023DAD9 /* DDHActionInputView.m */ = {isa = PBXFileReference; lastKnownFileType = sourcecode.c.objc; path = DDHActionInputView.m; sourceTree = "<group>"; };
		F2469C7129FC3EA70023DAD9 /* DDHCoordinatorProtocol.h */ = {isa = PBXFileReference; lastKnownFileType = sourcecode.c.h; path = DDHCoordinatorProtocol.h; sourceTree = "<group>"; };
		F2469C7229FC3F270023DAD9 /* DDHAppCoordinator.h */ = {isa = PBXFileReference; lastKnownFileType = sourcecode.c.h; path = DDHAppCoordinator.h; sourceTree = "<group>"; };
		F2469C7329FC3F270023DAD9 /* DDHAppCoordinator.m */ = {isa = PBXFileReference; lastKnownFileType = sourcecode.c.objc; path = DDHAppCoordinator.m; sourceTree = "<group>"; };
		F2469C7829FC5CCB0023DAD9 /* DDHActionStoreViewController.h */ = {isa = PBXFileReference; lastKnownFileType = sourcecode.c.h; path = DDHActionStoreViewController.h; sourceTree = "<group>"; };
		F2469C7929FC5CCB0023DAD9 /* DDHActionStoreViewController.m */ = {isa = PBXFileReference; lastKnownFileType = sourcecode.c.objc; path = DDHActionStoreViewController.m; sourceTree = "<group>"; };
		F2469C7C29FC5D830023DAD9 /* DDHActionStoreView.h */ = {isa = PBXFileReference; lastKnownFileType = sourcecode.c.h; path = DDHActionStoreView.h; sourceTree = "<group>"; };
		F2469C7D29FC5D830023DAD9 /* DDHActionStoreView.m */ = {isa = PBXFileReference; lastKnownFileType = sourcecode.c.objc; path = DDHActionStoreView.m; sourceTree = "<group>"; };
		F2469C7F29FCE01D0023DAD9 /* DDHCellRegistrationProvider.h */ = {isa = PBXFileReference; lastKnownFileType = sourcecode.c.h; path = DDHCellRegistrationProvider.h; sourceTree = "<group>"; };
		F2469C8029FCE01D0023DAD9 /* DDHCellRegistrationProvider.m */ = {isa = PBXFileReference; lastKnownFileType = sourcecode.c.objc; path = DDHCellRegistrationProvider.m; sourceTree = "<group>"; };
		F2469C8329FE76AA0023DAD9 /* DDHSpoonsHeaderView.h */ = {isa = PBXFileReference; lastKnownFileType = sourcecode.c.h; path = DDHSpoonsHeaderView.h; sourceTree = "<group>"; };
		F2469C8429FE76AB0023DAD9 /* DDHSpoonsHeaderView.m */ = {isa = PBXFileReference; lastKnownFileType = sourcecode.c.objc; path = DDHSpoonsHeaderView.m; sourceTree = "<group>"; };
		F2469C8929FE7E9A0023DAD9 /* DDHSpoonsFooterView.h */ = {isa = PBXFileReference; lastKnownFileType = sourcecode.c.h; path = DDHSpoonsFooterView.h; sourceTree = "<group>"; };
		F2469C8A29FE7E9A0023DAD9 /* DDHSpoonsFooterView.m */ = {isa = PBXFileReference; lastKnownFileType = sourcecode.c.objc; path = DDHSpoonsFooterView.m; sourceTree = "<group>"; };
		F2469C8C29FE84710023DAD9 /* DDHSpoonsBackgroundView.h */ = {isa = PBXFileReference; lastKnownFileType = sourcecode.c.h; path = DDHSpoonsBackgroundView.h; sourceTree = "<group>"; };
		F2469C8D29FE84710023DAD9 /* DDHSpoonsBackgroundView.m */ = {isa = PBXFileReference; lastKnownFileType = sourcecode.c.objc; path = DDHSpoonsBackgroundView.m; sourceTree = "<group>"; };
		F25F7D1229F596EA00EF395F /* DailySpoons.app */ = {isa = PBXFileReference; explicitFileType = wrapper.application; includeInIndex = 0; path = DailySpoons.app; sourceTree = BUILT_PRODUCTS_DIR; };
		F25F7D1529F596EA00EF395F /* AppDelegate.h */ = {isa = PBXFileReference; lastKnownFileType = sourcecode.c.h; path = AppDelegate.h; sourceTree = "<group>"; };
		F25F7D1629F596EA00EF395F /* AppDelegate.m */ = {isa = PBXFileReference; lastKnownFileType = sourcecode.c.objc; path = AppDelegate.m; sourceTree = "<group>"; };
		F25F7D1829F596EA00EF395F /* SceneDelegate.h */ = {isa = PBXFileReference; lastKnownFileType = sourcecode.c.h; path = SceneDelegate.h; sourceTree = "<group>"; };
		F25F7D1929F596EA00EF395F /* SceneDelegate.m */ = {isa = PBXFileReference; lastKnownFileType = sourcecode.c.objc; path = SceneDelegate.m; sourceTree = "<group>"; };
		F25F7D2129F596EB00EF395F /* Assets.xcassets */ = {isa = PBXFileReference; lastKnownFileType = folder.assetcatalog; path = Assets.xcassets; sourceTree = "<group>"; };
		F25F7D2429F596EB00EF395F /* Base */ = {isa = PBXFileReference; lastKnownFileType = file.storyboard; name = Base; path = Base.lproj/LaunchScreen.storyboard; sourceTree = "<group>"; };
		F25F7D2629F596EB00EF395F /* Info.plist */ = {isa = PBXFileReference; lastKnownFileType = text.plist.xml; path = Info.plist; sourceTree = "<group>"; };
		F25F7D2729F596EB00EF395F /* main.m */ = {isa = PBXFileReference; lastKnownFileType = sourcecode.c.objc; path = main.m; sourceTree = "<group>"; };
		F25F7D2E29F5992B00EF395F /* DDHDayPlannerViewController.h */ = {isa = PBXFileReference; lastKnownFileType = sourcecode.c.h; path = DDHDayPlannerViewController.h; sourceTree = "<group>"; };
		F25F7D2F29F5992B00EF395F /* DDHDayPlannerViewController.m */ = {isa = PBXFileReference; lastKnownFileType = sourcecode.c.objc; path = DDHDayPlannerViewController.m; sourceTree = "<group>"; };
		F25F7D3129F5997800EF395F /* DDHDayPlannerView.h */ = {isa = PBXFileReference; lastKnownFileType = sourcecode.c.h; path = DDHDayPlannerView.h; sourceTree = "<group>"; };
		F25F7D3229F5997800EF395F /* DDHDayPlannerView.m */ = {isa = PBXFileReference; lastKnownFileType = sourcecode.c.objc; path = DDHDayPlannerView.m; sourceTree = "<group>"; };
		F25F7D3929F599DA00EF395F /* DailySpoonsTests.xctest */ = {isa = PBXFileReference; explicitFileType = wrapper.cfbundle; includeInIndex = 0; path = DailySpoonsTests.xctest; sourceTree = BUILT_PRODUCTS_DIR; };
		F25F7D3B29F599DA00EF395F /* DailySpoonsTests.m */ = {isa = PBXFileReference; lastKnownFileType = sourcecode.c.objc; path = DailySpoonsTests.m; sourceTree = "<group>"; };
		F25F7D4229F59A1700EF395F /* DDHDayPlannerViewControllerTests.m */ = {isa = PBXFileReference; lastKnownFileType = sourcecode.c.objc; path = DDHDayPlannerViewControllerTests.m; sourceTree = "<group>"; };
		F25F7D4429F5A8F900EF395F /* DailySpoons.xctestplan */ = {isa = PBXFileReference; lastKnownFileType = text; path = DailySpoons.xctestplan; sourceTree = "<group>"; };
		F25F7D4629F5ABEF00EF395F /* DDHDayPlannerViewTests.m */ = {isa = PBXFileReference; lastKnownFileType = sourcecode.c.objc; path = DDHDayPlannerViewTests.m; sourceTree = "<group>"; };
		F2F49A162A2A25AE00874BA9 /* DDHViewControllerMock.h */ = {isa = PBXFileReference; lastKnownFileType = sourcecode.c.h; path = DDHViewControllerMock.h; sourceTree = "<group>"; };
		F2F49A172A2A25AE00874BA9 /* DDHViewControllerMock.m */ = {isa = PBXFileReference; lastKnownFileType = sourcecode.c.objc; path = DDHViewControllerMock.m; sourceTree = "<group>"; };
		F2F49A192A2A262F00874BA9 /* DDHAppCoordinatorTests.m */ = {isa = PBXFileReference; lastKnownFileType = sourcecode.c.objc; path = DDHAppCoordinatorTests.m; sourceTree = "<group>"; };
/* End PBXFileReference section */

/* Begin PBXFrameworksBuildPhase section */
		F25F7D0F29F596EA00EF395F /* Frameworks */ = {
			isa = PBXFrameworksBuildPhase;
			buildActionMask = 2147483647;
			files = (
			);
			runOnlyForDeploymentPostprocessing = 0;
		};
		F25F7D3629F599DA00EF395F /* Frameworks */ = {
			isa = PBXFrameworksBuildPhase;
			buildActionMask = 2147483647;
			files = (
			);
			runOnlyForDeploymentPostprocessing = 0;
		};
/* End PBXFrameworksBuildPhase section */

/* Begin PBXGroup section */
		F2005F0A2A24967E00093F6C /* Doubles */ = {
			isa = PBXGroup;
			children = (
				F2005F072A24962200093F6C /* DDHDayPlannerViewControllerProtocolMock.h */,
				F2005F082A24962200093F6C /* DDHDayPlannerViewControllerProtocolMock.m */,
				F2005F0B2A24B33A00093F6C /* DDHDataStoreProtocolMock.h */,
				F2005F0C2A24B33A00093F6C /* DDHDataStoreProtocolMock.m */,
				F2005F162A2930E400093F6C /* DDHActionInputViewControllerProtocolMock.h */,
				F2005F172A2930E400093F6C /* DDHActionInputViewControllerProtocolMock.m */,
				F2005F192A29D1AD00093F6C /* DDHActionStoreViewControllerProtocolMock.h */,
				F2005F1A2A29D1AD00093F6C /* DDHActionStoreViewControllerProtocolMock.m */,
				F2F49A162A2A25AE00874BA9 /* DDHViewControllerMock.h */,
				F2F49A172A2A25AE00874BA9 /* DDHViewControllerMock.m */,
			);
			path = Doubles;
			sourceTree = "<group>";
		};
		F2005F102A27B56100093F6C /* ActionStore */ = {
			isa = PBXGroup;
			children = (
				F2005F1C2A29D21D00093F6C /* DDHActionStoreViewControllerTests.m */,
				F2005F0E2A27B55D00093F6C /* DDHActionStoreViewTests.m */,
			);
			path = ActionStore;
			sourceTree = "<group>";
		};
		F2005F132A27B77200093F6C /* ActionInput */ = {
			isa = PBXGroup;
			children = (
				F2005F142A292F7600093F6C /* DDHActionInputViewControllerTests.m */,
				F2005F112A27B76F00093F6C /* DDHActionInputViewTests.m */,
			);
			path = ActionInput;
			sourceTree = "<group>";
		};
		F22737F62A2A423B001B15B6 /* Settings */ = {
			isa = PBXGroup;
			children = (
				F22737F32A2A4229001B15B6 /* DDHSettingsViewController.h */,
				F22737F42A2A4229001B15B6 /* DDHSettingsViewController.m */,
				F22737F72A2A4372001B15B6 /* DDHSettingsView.h */,
				F22737F82A2A4372001B15B6 /* DDHSettingsView.m */,
			);
			path = Settings;
			sourceTree = "<group>";
		};
		F2469C6029FBB6D10023DAD9 /* Cells */ = {
			isa = PBXGroup;
			children = (
				F2469C5729F9855C0023DAD9 /* DDHSpoonCell.h */,
				F2469C5829F9855C0023DAD9 /* DDHSpoonCell.m */,
				F2469C5B29F988D30023DAD9 /* DDHActionCell.h */,
				F2469C5C29F988D30023DAD9 /* DDHActionCell.m */,
			);
			path = Cells;
			sourceTree = "<group>";
		};
		F2469C6129FBB6DA0023DAD9 /* Model */ = {
			isa = PBXGroup;
			children = (
				F2469C4D29F716150023DAD9 /* DDHAction.h */,
				F2469C4E29F716150023DAD9 /* DDHAction.m */,
				F2469C5029F717730023DAD9 /* DDHDay.h */,
				F2469C5129F717730023DAD9 /* DDHDay.m */,
				F2469C5A29F987390023DAD9 /* DDHActionState.h */,
				F2469C5F29FBA4F40023DAD9 /* DDHDayPlannerSection.h */,
				F21B217E2A0550F100518B8E /* DDHActionStoreSection.h */,
			);
			path = Model;
			sourceTree = "<group>";
		};
		F2469C6B29FC3A780023DAD9 /* ActionInput */ = {
			isa = PBXGroup;
			children = (
				F2469C6829FC27620023DAD9 /* DDHActionInputViewController.h */,
				F2469C6929FC27620023DAD9 /* DDHActionInputViewController.m */,
				F2469C6C29FC3A9D0023DAD9 /* DDHActionInputView.h */,
				F2469C6D29FC3A9D0023DAD9 /* DDHActionInputView.m */,
			);
			path = ActionInput;
			sourceTree = "<group>";
		};
		F2469C6F29FC3DE80023DAD9 /* Persitence */ = {
			isa = PBXGroup;
			children = (
				F2469C5429F71B470023DAD9 /* NSUserDefaults+Helper.h */,
				F2469C5529F71B470023DAD9 /* NSUserDefaults+Helper.m */,
				F2469C6229FBB7140023DAD9 /* DDHDataStore.h */,
				F2469C6329FBB7150023DAD9 /* DDHDataStore.m */,
			);
			path = Persitence;
			sourceTree = "<group>";
		};
		F2469C7B29FC5CD30023DAD9 /* ActionStore */ = {
			isa = PBXGroup;
			children = (
				F2469C7829FC5CCB0023DAD9 /* DDHActionStoreViewController.h */,
				F2469C7929FC5CCB0023DAD9 /* DDHActionStoreViewController.m */,
				F2469C7C29FC5D830023DAD9 /* DDHActionStoreView.h */,
				F2469C7D29FC5D830023DAD9 /* DDHActionStoreView.m */,
			);
			path = ActionStore;
			sourceTree = "<group>";
		};
		F2469C8229FCE0270023DAD9 /* Helper */ = {
			isa = PBXGroup;
			children = (
				F2469C7F29FCE01D0023DAD9 /* DDHCellRegistrationProvider.h */,
				F2469C8029FCE01D0023DAD9 /* DDHCellRegistrationProvider.m */,
			);
			path = Helper;
			sourceTree = "<group>";
		};
		F25F7D0929F596EA00EF395F = {
			isa = PBXGroup;
			children = (
				F25F7D4429F5A8F900EF395F /* DailySpoons.xctestplan */,
				F25F7D1429F596EA00EF395F /* DailySpoons */,
				F25F7D3A29F599DA00EF395F /* DailySpoonsTests */,
				F25F7D1329F596EA00EF395F /* Products */,
			);
			sourceTree = "<group>";
		};
		F25F7D1329F596EA00EF395F /* Products */ = {
			isa = PBXGroup;
			children = (
				F25F7D1229F596EA00EF395F /* DailySpoons.app */,
				F25F7D3929F599DA00EF395F /* DailySpoonsTests.xctest */,
			);
			name = Products;
			sourceTree = "<group>";
		};
		F25F7D1429F596EA00EF395F /* DailySpoons */ = {
			isa = PBXGroup;
			children = (
				F25F7D1529F596EA00EF395F /* AppDelegate.h */,
				F25F7D1629F596EA00EF395F /* AppDelegate.m */,
				F25F7D1829F596EA00EF395F /* SceneDelegate.h */,
				F25F7D1929F596EA00EF395F /* SceneDelegate.m */,
				F2469C7129FC3EA70023DAD9 /* DDHCoordinatorProtocol.h */,
				F2469C7229FC3F270023DAD9 /* DDHAppCoordinator.h */,
				F2469C7329FC3F270023DAD9 /* DDHAppCoordinator.m */,
				F22737F62A2A423B001B15B6 /* Settings */,
				F2469C6F29FC3DE80023DAD9 /* Persitence */,
				F2469C6129FBB6DA0023DAD9 /* Model */,
				F25F7D3429F5997E00EF395F /* DayPlanner */,
				F2469C7B29FC5CD30023DAD9 /* ActionStore */,
				F2469C6B29FC3A780023DAD9 /* ActionInput */,
				F2469C8229FCE0270023DAD9 /* Helper */,
				F25F7D2129F596EB00EF395F /* Assets.xcassets */,
				F25F7D2329F596EB00EF395F /* LaunchScreen.storyboard */,
				F25F7D2629F596EB00EF395F /* Info.plist */,
				F25F7D2729F596EB00EF395F /* main.m */,
			);
			path = DailySpoons;
			sourceTree = "<group>";
		};
		F25F7D3429F5997E00EF395F /* DayPlanner */ = {
			isa = PBXGroup;
			children = (
				F25F7D2E29F5992B00EF395F /* DDHDayPlannerViewController.h */,
				F25F7D2F29F5992B00EF395F /* DDHDayPlannerViewController.m */,
				F25F7D3129F5997800EF395F /* DDHDayPlannerView.h */,
				F25F7D3229F5997800EF395F /* DDHDayPlannerView.m */,
				F2469C8329FE76AA0023DAD9 /* DDHSpoonsHeaderView.h */,
				F2469C8429FE76AB0023DAD9 /* DDHSpoonsHeaderView.m */,
				F2469C8929FE7E9A0023DAD9 /* DDHSpoonsFooterView.h */,
				F2469C8A29FE7E9A0023DAD9 /* DDHSpoonsFooterView.m */,
				F2469C6529FBCE0E0023DAD9 /* DDHActionsHeaderView.h */,
				F2469C6629FBCE0E0023DAD9 /* DDHActionsHeaderView.m */,
				F2469C8C29FE84710023DAD9 /* DDHSpoonsBackgroundView.h */,
				F2469C8D29FE84710023DAD9 /* DDHSpoonsBackgroundView.m */,
				F2469C6029FBB6D10023DAD9 /* Cells */,
			);
			path = DayPlanner;
			sourceTree = "<group>";
		};
		F25F7D3A29F599DA00EF395F /* DailySpoonsTests */ = {
			isa = PBXGroup;
			children = (
				F25F7D3B29F599DA00EF395F /* DailySpoonsTests.m */,
				F2F49A192A2A262F00874BA9 /* DDHAppCoordinatorTests.m */,
				F2005F0A2A24967E00093F6C /* Doubles */,
				F25F7D4529F5ABC600EF395F /* DayPlanner */,
				F2005F102A27B56100093F6C /* ActionStore */,
				F2005F132A27B77200093F6C /* ActionInput */,
			);
			path = DailySpoonsTests;
			sourceTree = "<group>";
		};
		F25F7D4529F5ABC600EF395F /* DayPlanner */ = {
			isa = PBXGroup;
			children = (
				F25F7D4229F59A1700EF395F /* DDHDayPlannerViewControllerTests.m */,
				F25F7D4629F5ABEF00EF395F /* DDHDayPlannerViewTests.m */,
			);
			path = DayPlanner;
			sourceTree = "<group>";
		};
/* End PBXGroup section */

/* Begin PBXNativeTarget section */
		F25F7D1129F596EA00EF395F /* DailySpoons */ = {
			isa = PBXNativeTarget;
			buildConfigurationList = F25F7D2B29F596EB00EF395F /* Build configuration list for PBXNativeTarget "DailySpoons" */;
			buildPhases = (
				F25F7D0E29F596EA00EF395F /* Sources */,
				F25F7D0F29F596EA00EF395F /* Frameworks */,
				F25F7D1029F596EA00EF395F /* Resources */,
			);
			buildRules = (
			);
			dependencies = (
			);
			name = DailySpoons;
			productName = DailySpoons;
			productReference = F25F7D1229F596EA00EF395F /* DailySpoons.app */;
			productType = "com.apple.product-type.application";
		};
		F25F7D3829F599DA00EF395F /* DailySpoonsTests */ = {
			isa = PBXNativeTarget;
			buildConfigurationList = F25F7D3F29F599DA00EF395F /* Build configuration list for PBXNativeTarget "DailySpoonsTests" */;
			buildPhases = (
				F25F7D3529F599DA00EF395F /* Sources */,
				F25F7D3629F599DA00EF395F /* Frameworks */,
				F25F7D3729F599DA00EF395F /* Resources */,
			);
			buildRules = (
			);
			dependencies = (
				F25F7D3E29F599DA00EF395F /* PBXTargetDependency */,
			);
			name = DailySpoonsTests;
			productName = DailySpoonsTests;
			productReference = F25F7D3929F599DA00EF395F /* DailySpoonsTests.xctest */;
			productType = "com.apple.product-type.bundle.unit-test";
		};
/* End PBXNativeTarget section */

/* Begin PBXProject section */
		F25F7D0A29F596EA00EF395F /* Project object */ = {
			isa = PBXProject;
			attributes = {
				BuildIndependentTargetsInParallel = 1;
				CLASSPREFIX = DDH;
				LastUpgradeCheck = 1430;
				ORGANIZATIONNAME = dasdom;
				TargetAttributes = {
					F25F7D1129F596EA00EF395F = {
						CreatedOnToolsVersion = 14.3;
					};
					F25F7D3829F599DA00EF395F = {
						CreatedOnToolsVersion = 14.3;
						TestTargetID = F25F7D1129F596EA00EF395F;
					};
				};
			};
			buildConfigurationList = F25F7D0D29F596EA00EF395F /* Build configuration list for PBXProject "DailySpoons" */;
			compatibilityVersion = "Xcode 14.0";
			developmentRegion = en;
			hasScannedForEncodings = 0;
			knownRegions = (
				en,
				Base,
			);
			mainGroup = F25F7D0929F596EA00EF395F;
			productRefGroup = F25F7D1329F596EA00EF395F /* Products */;
			projectDirPath = "";
			projectRoot = "";
			targets = (
				F25F7D1129F596EA00EF395F /* DailySpoons */,
				F25F7D3829F599DA00EF395F /* DailySpoonsTests */,
			);
		};
/* End PBXProject section */

/* Begin PBXResourcesBuildPhase section */
		F25F7D1029F596EA00EF395F /* Resources */ = {
			isa = PBXResourcesBuildPhase;
			buildActionMask = 2147483647;
			files = (
				F25F7D2529F596EB00EF395F /* LaunchScreen.storyboard in Resources */,
				F25F7D2229F596EB00EF395F /* Assets.xcassets in Resources */,
			);
			runOnlyForDeploymentPostprocessing = 0;
		};
		F25F7D3729F599DA00EF395F /* Resources */ = {
			isa = PBXResourcesBuildPhase;
			buildActionMask = 2147483647;
			files = (
			);
			runOnlyForDeploymentPostprocessing = 0;
		};
/* End PBXResourcesBuildPhase section */

/* Begin PBXSourcesBuildPhase section */
		F25F7D0E29F596EA00EF395F /* Sources */ = {
			isa = PBXSourcesBuildPhase;
			buildActionMask = 2147483647;
			files = (
				F2469C8E29FE84710023DAD9 /* DDHSpoonsBackgroundView.m in Sources */,
				F2469C8B29FE7E9A0023DAD9 /* DDHSpoonsFooterView.m in Sources */,
				F2469C8129FCE01D0023DAD9 /* DDHCellRegistrationProvider.m in Sources */,
				F2469C6A29FC27620023DAD9 /* DDHActionInputViewController.m in Sources */,
				F22737F52A2A4229001B15B6 /* DDHSettingsViewController.m in Sources */,
				F2469C7429FC3F270023DAD9 /* DDHAppCoordinator.m in Sources */,
				F2469C5229F717730023DAD9 /* DDHDay.m in Sources */,
				F2469C7A29FC5CCB0023DAD9 /* DDHActionStoreViewController.m in Sources */,
				F2469C5629F71B470023DAD9 /* NSUserDefaults+Helper.m in Sources */,
				F2469C5D29F988D30023DAD9 /* DDHActionCell.m in Sources */,
				F25F7D1729F596EA00EF395F /* AppDelegate.m in Sources */,
				F22737F92A2A4372001B15B6 /* DDHSettingsView.m in Sources */,
				F2469C8529FE76AB0023DAD9 /* DDHSpoonsHeaderView.m in Sources */,
				F25F7D2829F596EB00EF395F /* main.m in Sources */,
				F2469C4F29F716150023DAD9 /* DDHAction.m in Sources */,
				F2469C6429FBB7150023DAD9 /* DDHDataStore.m in Sources */,
				F2469C6E29FC3A9D0023DAD9 /* DDHActionInputView.m in Sources */,
				F2469C6729FBCE0E0023DAD9 /* DDHActionsHeaderView.m in Sources */,
				F2469C5929F9855C0023DAD9 /* DDHSpoonCell.m in Sources */,
				F2469C7E29FC5D830023DAD9 /* DDHActionStoreView.m in Sources */,
				F25F7D3029F5992B00EF395F /* DDHDayPlannerViewController.m in Sources */,
				F25F7D1A29F596EA00EF395F /* SceneDelegate.m in Sources */,
				F25F7D3329F5997800EF395F /* DDHDayPlannerView.m in Sources */,
			);
			runOnlyForDeploymentPostprocessing = 0;
		};
		F25F7D3529F599DA00EF395F /* Sources */ = {
			isa = PBXSourcesBuildPhase;
			buildActionMask = 2147483647;
			files = (
				F2005F0D2A24B33A00093F6C /* DDHDataStoreProtocolMock.m in Sources */,
				F25F7D4729F5ABEF00EF395F /* DDHDayPlannerViewTests.m in Sources */,
				F2005F092A24962200093F6C /* DDHDayPlannerViewControllerProtocolMock.m in Sources */,
				F25F7D3C29F599DA00EF395F /* DailySpoonsTests.m in Sources */,
				F25F7D4329F59A1700EF395F /* DDHDayPlannerViewControllerTests.m in Sources */,
				F2005F122A27B76F00093F6C /* DDHActionInputViewTests.m in Sources */,
				F2F49A1A2A2A262F00874BA9 /* DDHAppCoordinatorTests.m in Sources */,
				F2005F1D2A29D21D00093F6C /* DDHActionStoreViewControllerTests.m in Sources */,
				F2F49A182A2A25AE00874BA9 /* DDHViewControllerMock.m in Sources */,
				F2005F152A292F7600093F6C /* DDHActionInputViewControllerTests.m in Sources */,
				F2005F182A2930E400093F6C /* DDHActionInputViewControllerProtocolMock.m in Sources */,
				F2005F0F2A27B55D00093F6C /* DDHActionStoreViewTests.m in Sources */,
				F2005F1B2A29D1AD00093F6C /* DDHActionStoreViewControllerProtocolMock.m in Sources */,
			);
			runOnlyForDeploymentPostprocessing = 0;
		};
/* End PBXSourcesBuildPhase section */

/* Begin PBXTargetDependency section */
		F25F7D3E29F599DA00EF395F /* PBXTargetDependency */ = {
			isa = PBXTargetDependency;
			target = F25F7D1129F596EA00EF395F /* DailySpoons */;
			targetProxy = F25F7D3D29F599DA00EF395F /* PBXContainerItemProxy */;
		};
/* End PBXTargetDependency section */

/* Begin PBXVariantGroup section */
		F25F7D2329F596EB00EF395F /* LaunchScreen.storyboard */ = {
			isa = PBXVariantGroup;
			children = (
				F25F7D2429F596EB00EF395F /* Base */,
			);
			name = LaunchScreen.storyboard;
			sourceTree = "<group>";
		};
/* End PBXVariantGroup section */

/* Begin XCBuildConfiguration section */
		F25F7D2929F596EB00EF395F /* Debug */ = {
			isa = XCBuildConfiguration;
			buildSettings = {
				ALWAYS_SEARCH_USER_PATHS = NO;
				CLANG_ANALYZER_NONNULL = YES;
				CLANG_ANALYZER_NUMBER_OBJECT_CONVERSION = YES_AGGRESSIVE;
				CLANG_CXX_LANGUAGE_STANDARD = "gnu++20";
				CLANG_ENABLE_MODULES = YES;
				CLANG_ENABLE_OBJC_ARC = YES;
				CLANG_ENABLE_OBJC_WEAK = YES;
				CLANG_WARN_BLOCK_CAPTURE_AUTORELEASING = YES;
				CLANG_WARN_BOOL_CONVERSION = YES;
				CLANG_WARN_COMMA = YES;
				CLANG_WARN_CONSTANT_CONVERSION = YES;
				CLANG_WARN_DEPRECATED_OBJC_IMPLEMENTATIONS = YES;
				CLANG_WARN_DIRECT_OBJC_ISA_USAGE = YES_ERROR;
				CLANG_WARN_DOCUMENTATION_COMMENTS = YES;
				CLANG_WARN_EMPTY_BODY = YES;
				CLANG_WARN_ENUM_CONVERSION = YES;
				CLANG_WARN_INFINITE_RECURSION = YES;
				CLANG_WARN_INT_CONVERSION = YES;
				CLANG_WARN_NON_LITERAL_NULL_CONVERSION = YES;
				CLANG_WARN_OBJC_IMPLICIT_RETAIN_SELF = YES;
				CLANG_WARN_OBJC_LITERAL_CONVERSION = YES;
				CLANG_WARN_OBJC_ROOT_CLASS = YES_ERROR;
				CLANG_WARN_QUOTED_INCLUDE_IN_FRAMEWORK_HEADER = YES;
				CLANG_WARN_RANGE_LOOP_ANALYSIS = YES;
				CLANG_WARN_STRICT_PROTOTYPES = YES;
				CLANG_WARN_SUSPICIOUS_MOVE = YES;
				CLANG_WARN_UNGUARDED_AVAILABILITY = YES_AGGRESSIVE;
				CLANG_WARN_UNREACHABLE_CODE = YES;
				CLANG_WARN__DUPLICATE_METHOD_MATCH = YES;
				COPY_PHASE_STRIP = NO;
				DEBUG_INFORMATION_FORMAT = dwarf;
				ENABLE_STRICT_OBJC_MSGSEND = YES;
				ENABLE_TESTABILITY = YES;
				GCC_C_LANGUAGE_STANDARD = gnu11;
				GCC_DYNAMIC_NO_PIC = NO;
				GCC_NO_COMMON_BLOCKS = YES;
				GCC_OPTIMIZATION_LEVEL = 0;
				GCC_PREPROCESSOR_DEFINITIONS = (
					"DEBUG=1",
					"$(inherited)",
				);
				GCC_WARN_64_TO_32_BIT_CONVERSION = YES;
				GCC_WARN_ABOUT_RETURN_TYPE = YES_ERROR;
				GCC_WARN_UNDECLARED_SELECTOR = YES;
				GCC_WARN_UNINITIALIZED_AUTOS = YES_AGGRESSIVE;
				GCC_WARN_UNUSED_FUNCTION = YES;
				GCC_WARN_UNUSED_VARIABLE = YES;
				IPHONEOS_DEPLOYMENT_TARGET = 16.4;
				MTL_ENABLE_DEBUG_INFO = INCLUDE_SOURCE;
				MTL_FAST_MATH = YES;
				ONLY_ACTIVE_ARCH = YES;
				SDKROOT = iphoneos;
			};
			name = Debug;
		};
		F25F7D2A29F596EB00EF395F /* Release */ = {
			isa = XCBuildConfiguration;
			buildSettings = {
				ALWAYS_SEARCH_USER_PATHS = NO;
				CLANG_ANALYZER_NONNULL = YES;
				CLANG_ANALYZER_NUMBER_OBJECT_CONVERSION = YES_AGGRESSIVE;
				CLANG_CXX_LANGUAGE_STANDARD = "gnu++20";
				CLANG_ENABLE_MODULES = YES;
				CLANG_ENABLE_OBJC_ARC = YES;
				CLANG_ENABLE_OBJC_WEAK = YES;
				CLANG_WARN_BLOCK_CAPTURE_AUTORELEASING = YES;
				CLANG_WARN_BOOL_CONVERSION = YES;
				CLANG_WARN_COMMA = YES;
				CLANG_WARN_CONSTANT_CONVERSION = YES;
				CLANG_WARN_DEPRECATED_OBJC_IMPLEMENTATIONS = YES;
				CLANG_WARN_DIRECT_OBJC_ISA_USAGE = YES_ERROR;
				CLANG_WARN_DOCUMENTATION_COMMENTS = YES;
				CLANG_WARN_EMPTY_BODY = YES;
				CLANG_WARN_ENUM_CONVERSION = YES;
				CLANG_WARN_INFINITE_RECURSION = YES;
				CLANG_WARN_INT_CONVERSION = YES;
				CLANG_WARN_NON_LITERAL_NULL_CONVERSION = YES;
				CLANG_WARN_OBJC_IMPLICIT_RETAIN_SELF = YES;
				CLANG_WARN_OBJC_LITERAL_CONVERSION = YES;
				CLANG_WARN_OBJC_ROOT_CLASS = YES_ERROR;
				CLANG_WARN_QUOTED_INCLUDE_IN_FRAMEWORK_HEADER = YES;
				CLANG_WARN_RANGE_LOOP_ANALYSIS = YES;
				CLANG_WARN_STRICT_PROTOTYPES = YES;
				CLANG_WARN_SUSPICIOUS_MOVE = YES;
				CLANG_WARN_UNGUARDED_AVAILABILITY = YES_AGGRESSIVE;
				CLANG_WARN_UNREACHABLE_CODE = YES;
				CLANG_WARN__DUPLICATE_METHOD_MATCH = YES;
				COPY_PHASE_STRIP = NO;
				DEBUG_INFORMATION_FORMAT = "dwarf-with-dsym";
				ENABLE_NS_ASSERTIONS = NO;
				ENABLE_STRICT_OBJC_MSGSEND = YES;
				GCC_C_LANGUAGE_STANDARD = gnu11;
				GCC_NO_COMMON_BLOCKS = YES;
				GCC_WARN_64_TO_32_BIT_CONVERSION = YES;
				GCC_WARN_ABOUT_RETURN_TYPE = YES_ERROR;
				GCC_WARN_UNDECLARED_SELECTOR = YES;
				GCC_WARN_UNINITIALIZED_AUTOS = YES_AGGRESSIVE;
				GCC_WARN_UNUSED_FUNCTION = YES;
				GCC_WARN_UNUSED_VARIABLE = YES;
				IPHONEOS_DEPLOYMENT_TARGET = 16.4;
				MTL_ENABLE_DEBUG_INFO = NO;
				MTL_FAST_MATH = YES;
				SDKROOT = iphoneos;
				VALIDATE_PRODUCT = YES;
			};
			name = Release;
		};
		F25F7D2C29F596EB00EF395F /* Debug */ = {
			isa = XCBuildConfiguration;
			buildSettings = {
				ASSETCATALOG_COMPILER_APPICON_NAME = AppIcon;
				ASSETCATALOG_COMPILER_GLOBAL_ACCENT_COLOR_NAME = AccentColor;
				CODE_SIGN_STYLE = Automatic;
				CURRENT_PROJECT_VERSION = 1;
				DEVELOPMENT_TEAM = Q6PD97MRX4;
				GENERATE_INFOPLIST_FILE = YES;
				INFOPLIST_FILE = DailySpoons/Info.plist;
				INFOPLIST_KEY_UIApplicationSupportsIndirectInputEvents = YES;
				INFOPLIST_KEY_UILaunchStoryboardName = LaunchScreen;
				INFOPLIST_KEY_UISupportedInterfaceOrientations_iPad = "UIInterfaceOrientationPortrait UIInterfaceOrientationPortraitUpsideDown UIInterfaceOrientationLandscapeLeft UIInterfaceOrientationLandscapeRight";
				INFOPLIST_KEY_UISupportedInterfaceOrientations_iPhone = "UIInterfaceOrientationPortrait UIInterfaceOrientationLandscapeLeft UIInterfaceOrientationLandscapeRight";
				IPHONEOS_DEPLOYMENT_TARGET = 16.0;
				LD_RUNPATH_SEARCH_PATHS = (
					"$(inherited)",
					"@executable_path/Frameworks",
				);
				MARKETING_VERSION = 1.0;
				PRODUCT_BUNDLE_IDENTIFIER = de.dasdom.DailySpoons;
				PRODUCT_NAME = "$(TARGET_NAME)";
				SWIFT_EMIT_LOC_STRINGS = YES;
				TARGETED_DEVICE_FAMILY = "1,2";
			};
			name = Debug;
		};
		F25F7D2D29F596EB00EF395F /* Release */ = {
			isa = XCBuildConfiguration;
			buildSettings = {
				ASSETCATALOG_COMPILER_APPICON_NAME = AppIcon;
				ASSETCATALOG_COMPILER_GLOBAL_ACCENT_COLOR_NAME = AccentColor;
				CODE_SIGN_STYLE = Automatic;
				CURRENT_PROJECT_VERSION = 1;
				DEVELOPMENT_TEAM = Q6PD97MRX4;
				GENERATE_INFOPLIST_FILE = YES;
				INFOPLIST_FILE = DailySpoons/Info.plist;
				INFOPLIST_KEY_UIApplicationSupportsIndirectInputEvents = YES;
				INFOPLIST_KEY_UILaunchStoryboardName = LaunchScreen;
				INFOPLIST_KEY_UISupportedInterfaceOrientations_iPad = "UIInterfaceOrientationPortrait UIInterfaceOrientationPortraitUpsideDown UIInterfaceOrientationLandscapeLeft UIInterfaceOrientationLandscapeRight";
				INFOPLIST_KEY_UISupportedInterfaceOrientations_iPhone = "UIInterfaceOrientationPortrait UIInterfaceOrientationLandscapeLeft UIInterfaceOrientationLandscapeRight";
				IPHONEOS_DEPLOYMENT_TARGET = 16.0;
				LD_RUNPATH_SEARCH_PATHS = (
					"$(inherited)",
					"@executable_path/Frameworks",
				);
				MARKETING_VERSION = 1.0;
				PRODUCT_BUNDLE_IDENTIFIER = de.dasdom.DailySpoons;
				PRODUCT_NAME = "$(TARGET_NAME)";
				SWIFT_EMIT_LOC_STRINGS = YES;
				TARGETED_DEVICE_FAMILY = "1,2";
			};
			name = Release;
		};
		F25F7D4029F599DA00EF395F /* Debug */ = {
			isa = XCBuildConfiguration;
			buildSettings = {
				BUNDLE_LOADER = "$(TEST_HOST)";
				CODE_SIGN_STYLE = Automatic;
				CURRENT_PROJECT_VERSION = 1;
				DEVELOPMENT_TEAM = Q6PD97MRX4;
				GENERATE_INFOPLIST_FILE = YES;
				MARKETING_VERSION = 1.0;
				PRODUCT_BUNDLE_IDENTIFIER = de.dasdom.DailySpoonsTests;
				PRODUCT_NAME = "$(TARGET_NAME)";
				SWIFT_EMIT_LOC_STRINGS = NO;
				TARGETED_DEVICE_FAMILY = "1,2";
				TEST_HOST = "$(BUILT_PRODUCTS_DIR)/DailySpoons.app/$(BUNDLE_EXECUTABLE_FOLDER_PATH)/DailySpoons";
			};
			name = Debug;
		};
		F25F7D4129F599DA00EF395F /* Release */ = {
			isa = XCBuildConfiguration;
			buildSettings = {
				BUNDLE_LOADER = "$(TEST_HOST)";
				CODE_SIGN_STYLE = Automatic;
				CURRENT_PROJECT_VERSION = 1;
				DEVELOPMENT_TEAM = Q6PD97MRX4;
				GENERATE_INFOPLIST_FILE = YES;
				MARKETING_VERSION = 1.0;
				PRODUCT_BUNDLE_IDENTIFIER = de.dasdom.DailySpoonsTests;
				PRODUCT_NAME = "$(TARGET_NAME)";
				SWIFT_EMIT_LOC_STRINGS = NO;
				TARGETED_DEVICE_FAMILY = "1,2";
				TEST_HOST = "$(BUILT_PRODUCTS_DIR)/DailySpoons.app/$(BUNDLE_EXECUTABLE_FOLDER_PATH)/DailySpoons";
			};
			name = Release;
		};
/* End XCBuildConfiguration section */

/* Begin XCConfigurationList section */
		F25F7D0D29F596EA00EF395F /* Build configuration list for PBXProject "DailySpoons" */ = {
			isa = XCConfigurationList;
			buildConfigurations = (
				F25F7D2929F596EB00EF395F /* Debug */,
				F25F7D2A29F596EB00EF395F /* Release */,
			);
			defaultConfigurationIsVisible = 0;
			defaultConfigurationName = Release;
		};
		F25F7D2B29F596EB00EF395F /* Build configuration list for PBXNativeTarget "DailySpoons" */ = {
			isa = XCConfigurationList;
			buildConfigurations = (
				F25F7D2C29F596EB00EF395F /* Debug */,
				F25F7D2D29F596EB00EF395F /* Release */,
			);
			defaultConfigurationIsVisible = 0;
			defaultConfigurationName = Release;
		};
		F25F7D3F29F599DA00EF395F /* Build configuration list for PBXNativeTarget "DailySpoonsTests" */ = {
			isa = XCConfigurationList;
			buildConfigurations = (
				F25F7D4029F599DA00EF395F /* Debug */,
				F25F7D4129F599DA00EF395F /* Release */,
			);
			defaultConfigurationIsVisible = 0;
			defaultConfigurationName = Release;
		};
/* End XCConfigurationList section */
	};
	rootObject = F25F7D0A29F596EA00EF395F /* Project object */;
}
